
Microsoft Visual Studio Solution File, Format Version 12.00
# Visual Studio 14
VisualStudioVersion = 14.0.25420.1
MinimumVisualStudioVersion = 10.0.40219.1
Project("{E24C65DC-7377-472B-9ABA-BC803B73C61A}") = "KnockoutJS", ".", "{CE51B6E8-1229-4BD8-B19B-16C9395BDC09}"
	ProjectSection(WebsiteProperties) = preProject
		TargetFrameworkMoniker = ".NETFramework,Version%3Dv4.0"
		Debug.AspNetCompiler.VirtualPath = "/localhost_61045"
		Debug.AspNetCompiler.PhysicalPath = "D:\GitHub\Kolotygin\KnockoutJS\"
		Debug.AspNetCompiler.TargetPath = "PrecompiledWeb\localhost_61045\"
		Debug.AspNetCompiler.Updateable = "true"
		Debug.AspNetCompiler.ForceOverwrite = "true"
		Debug.AspNetCompiler.FixedNames = "false"
		Debug.AspNetCompiler.Debug = "True"
		Release.AspNetCompiler.VirtualPath = "/localhost_61045"
		Release.AspNetCompiler.PhysicalPath = "D:\GitHub\Kolotygin\KnockoutJS\"
		Release.AspNetCompiler.TargetPath = "PrecompiledWeb\localhost_61045\"
		Release.AspNetCompiler.Updateable = "true"
		Release.AspNetCompiler.ForceOverwrite = "true"
		Release.AspNetCompiler.FixedNames = "false"
		Release.AspNetCompiler.Debug = "False"
		VWDPort = "61045"
	EndProjectSection
EndProject
Global
	GlobalSection(SolutionConfigurationPlatforms) = preSolution
		Debug|Any CPU = Debug|Any CPU
	EndGlobalSection
	GlobalSection(ProjectConfigurationPlatforms) = postSolution
		{CE51B6E8-1229-4BD8-B19B-16C9395BDC09}.Debug|Any CPU.ActiveCfg = Debug|Any CPU
		{CE51B6E8-1229-4BD8-B19B-16C9395BDC09}.Debug|Any CPU.Build.0 = Debug|Any CPU
	EndGlobalSection
	GlobalSection(SolutionProperties) = preSolution
		HideSolutionNode = FALSE
	EndGlobalSection
EndGlobal
